PODS:
  - Flutter (1.0.0)
  - integration_test (0.0.1):
    - Flutter
  - vnpt_ekyc (0.0.1):
    - Flutter

DEPENDENCIES:
  - Flutter (from `Flutter`)
  - integration_test (from `.symlinks/plugins/integration_test/ios`)
  - vnpt_ekyc (from `.symlinks/plugins/vnpt_ekyc/ios`)

EXTERNAL SOURCES:
  Flutter:
    :path: Flutter
  integration_test:
    :path: ".symlinks/plugins/integration_test/ios"
  vnpt_ekyc:
    :path: ".symlinks/plugins/vnpt_ekyc/ios"

SPEC CHECKSUMS:
  Flutter: e0871f40cf51350855a761d2e70bf5af5b9b5de7
  integration_test: 252f60fa39af5e17c3aa9899d35d908a0721b573
  vnpt_ekyc: 96fcf9ccfdd8d8ee806016627e53ae395d9a5f02

PODFILE CHECKSUM: 819463e6a0290f5a72f145ba7cde16e8b6ef0796

COCOAPODS: 1.15.2
